
Microsoft Visual Studio Solution File, Format Version 12.00
# Visual Studio Version 17
VisualStudioVersion = 17.10.35004.147
MinimumVisualStudioVersion = 10.0.40219.1
Project("{FAE04EC0-301F-11D3-BF4B-00C04F79EFBC}") = "Shoppingspree", "Shoppingspree\Shoppingspree.csproj", "{B7AFEEF6-D6C9-4551-AA1D-F405CB95ADC8}"
EndProject
Global
	GlobalSection(SolutionConfigurationPlatforms) = preSolution
		Debug|Any CPU = Debug|Any CPU
		Release|Any CPU = Release|Any CPU
	EndGlobalSection
	GlobalSection(ProjectConfigurationPlatforms) = postSolution
		{B7AFEEF6-D6C9-4551-AA1D-F405CB95ADC8}.Debug|Any CPU.ActiveCfg = Debug|Any CPU
		{B7AFEEF6-D6C9-4551-AA1D-F405CB95ADC8}.Debug|Any CPU.Build.0 = Debug|Any CPU
		{B7AFEEF6-D6C9-4551-AA1D-F405CB95ADC8}.Release|Any CPU.ActiveCfg = Release|Any CPU
		{B7AFEEF6-D6C9-4551-AA1D-F405CB95ADC8}.Release|Any CPU.Build.0 = Release|Any CPU
	EndGlobalSection
	GlobalSection(SolutionProperties) = preSolution
		HideSolutionNode = FALSE
	EndGlobalSection
	GlobalSection(ExtensibilityGlobals) = postSolution
		SolutionGuid = {3584578F-3E1C-4EA6-BE22-8251D2799169}
	EndGlobalSection
EndGlobal
